
Microsoft Visual Studio Solution File, Format Version 12.00
# Visual Studio Version 17
VisualStudioVersion = 17.6.33829.357
MinimumVisualStudioVersion = 10.0.40219.1
Project("{FAE04EC0-301F-11D3-BF4B-00C04F79EFBC}") = "ShopWeb", "ShopWeb\ShopWeb.csproj", "{0A7FEBA5-21E4-4213-AF2A-BFDF3375EF4F}"
EndProject
Global
	GlobalSection(SolutionConfigurationPlatforms) = preSolution
		Debug|Any CPU = Debug|Any CPU
		Release|Any CPU = Release|Any CPU
	EndGlobalSection
	GlobalSection(ProjectConfigurationPlatforms) = postSolution
		{0A7FEBA5-21E4-4213-AF2A-BFDF3375EF4F}.Debug|Any CPU.ActiveCfg = Debug|Any CPU
		{0A7FEBA5-21E4-4213-AF2A-BFDF3375EF4F}.Debug|Any CPU.Build.0 = Debug|Any CPU
		{0A7FEBA5-21E4-4213-AF2A-BFDF3375EF4F}.Release|Any CPU.ActiveCfg = Release|Any CPU
		{0A7FEBA5-21E4-4213-AF2A-BFDF3375EF4F}.Release|Any CPU.Build.0 = Release|Any CPU
	EndGlobalSection
	GlobalSection(SolutionProperties) = preSolution
		HideSolutionNode = FALSE
	EndGlobalSection
	GlobalSection(ExtensibilityGlobals) = postSolution
		SolutionGuid = {709E7E55-DF43-4E46-B351-738AD0E84451}
	EndGlobalSection
EndGlobal
